// !$*UTF8*$!
{
	archiveVersion = 1;
	classes = {
	};
	objectVersion = 56;
	objects = {

/* Begin PBXBuildFile section */
		78235E5A2A9E62DB0037BED9 /* City.swift in Sources */ = {isa = PBXBuildFile; fileRef = 78235E592A9E62DB0037BED9 /* City.swift */; };
		78235E5C2A9E63AF0037BED9 /* CityTableViewCell.swift in Sources */ = {isa = PBXBuildFile; fileRef = 78235E5B2A9E63AF0037BED9 /* CityTableViewCell.swift */; };
		78235E5E2A9E693B0037BED9 /* CityDomainConverter.swift in Sources */ = {isa = PBXBuildFile; fileRef = 78235E5D2A9E693B0037BED9 /* CityDomainConverter.swift */; };
		78235E702A9F4A2F0037BED9 /* BusinessLogic in Frameworks */ = {isa = PBXBuildFile; productRef = 78235E6F2A9F4A2F0037BED9 /* BusinessLogic */; };
		78235E7C2A9F7DFE0037BED9 /* UIComponentsLibrary in Frameworks */ = {isa = PBXBuildFile; productRef = 78235E7B2A9F7DFE0037BED9 /* UIComponentsLibrary */; };
		78235E7E2A9FAAD20037BED9 /* TemperatureUnit.swift in Sources */ = {isa = PBXBuildFile; fileRef = 78235E7D2A9FAAD20037BED9 /* TemperatureUnit.swift */; };
		78235E802A9FAB070037BED9 /* TemperatureUnitConverter.swift in Sources */ = {isa = PBXBuildFile; fileRef = 78235E7F2A9FAB070037BED9 /* TemperatureUnitConverter.swift */; };
		78235E822A9FCE220037BED9 /* ErrorConverter.swift in Sources */ = {isa = PBXBuildFile; fileRef = 78235E812A9FCE220037BED9 /* ErrorConverter.swift */; };
		78EB84052A9B7FA400F2E5C9 /* AppDelegate.swift in Sources */ = {isa = PBXBuildFile; fileRef = 78EB84042A9B7FA400F2E5C9 /* AppDelegate.swift */; };
		78EB84072A9B7FA400F2E5C9 /* SceneDelegate.swift in Sources */ = {isa = PBXBuildFile; fileRef = 78EB84062A9B7FA400F2E5C9 /* SceneDelegate.swift */; };
		78EB840E2A9B7FA500F2E5C9 /* Assets.xcassets in Resources */ = {isa = PBXBuildFile; fileRef = 78EB840D2A9B7FA500F2E5C9 /* Assets.xcassets */; };
		78EB84112A9B7FA500F2E5C9 /* LaunchScreen.storyboard in Resources */ = {isa = PBXBuildFile; fileRef = 78EB840F2A9B7FA500F2E5C9 /* LaunchScreen.storyboard */; };
		78EB841C2A9B7FA500F2E5C9 /* KlarnaWeatherTestTests.swift in Sources */ = {isa = PBXBuildFile; fileRef = 78EB841B2A9B7FA500F2E5C9 /* KlarnaWeatherTestTests.swift */; };
		78EB84262A9B7FA500F2E5C9 /* KlarnaWeatherTestUITests.swift in Sources */ = {isa = PBXBuildFile; fileRef = 78EB84252A9B7FA500F2E5C9 /* KlarnaWeatherTestUITests.swift */; };
		78EB84282A9B7FA500F2E5C9 /* KlarnaWeatherTestUITestsLaunchTests.swift in Sources */ = {isa = PBXBuildFile; fileRef = 78EB84272A9B7FA500F2E5C9 /* KlarnaWeatherTestUITestsLaunchTests.swift */; };
		78EB84552A9BACB200F2E5C9 /* WeatherViewController.swift in Sources */ = {isa = PBXBuildFile; fileRef = 78EB84542A9BACB200F2E5C9 /* WeatherViewController.swift */; };
		78EB84572A9BACC000F2E5C9 /* WeatherSearchViewController.swift in Sources */ = {isa = PBXBuildFile; fileRef = 78EB84562A9BACC000F2E5C9 /* WeatherSearchViewController.swift */; };
		78EB84592A9BADCB00F2E5C9 /* WeatherPresenter.swift in Sources */ = {isa = PBXBuildFile; fileRef = 78EB84582A9BADCB00F2E5C9 /* WeatherPresenter.swift */; };
		78EB845B2A9BADDC00F2E5C9 /* Weather.swift in Sources */ = {isa = PBXBuildFile; fileRef = 78EB845A2A9BADDC00F2E5C9 /* Weather.swift */; };
		78EB845D2A9BB11B00F2E5C9 /* WeatherSearchPresenter.swift in Sources */ = {isa = PBXBuildFile; fileRef = 78EB845C2A9BB11B00F2E5C9 /* WeatherSearchPresenter.swift */; };
		78EB84612A9BD2FF00F2E5C9 /* WeatherDomainConverter.swift in Sources */ = {isa = PBXBuildFile; fileRef = 78EB84602A9BD2FF00F2E5C9 /* WeatherDomainConverter.swift */; };
/* End PBXBuildFile section */

/* Begin PBXContainerItemProxy section */
		78EB84182A9B7FA500F2E5C9 /* PBXContainerItemProxy */ = {
			isa = PBXContainerItemProxy;
			containerPortal = 78EB83F92A9B7FA400F2E5C9 /* Project object */;
			proxyType = 1;
			remoteGlobalIDString = 78EB84002A9B7FA400F2E5C9;
			remoteInfo = KlarnaWeatherTest;
		};
		78EB84222A9B7FA500F2E5C9 /* PBXContainerItemProxy */ = {
			isa = PBXContainerItemProxy;
			containerPortal = 78EB83F92A9B7FA400F2E5C9 /* Project object */;
			proxyType = 1;
			remoteGlobalIDString = 78EB84002A9B7FA400F2E5C9;
			remoteInfo = KlarnaWeatherTest;
		};
/* End PBXContainerItemProxy section */

/* Begin PBXFileReference section */
		78235E592A9E62DB0037BED9 /* City.swift */ = {isa = PBXFileReference; lastKnownFileType = sourcecode.swift; path = City.swift; sourceTree = "<group>"; };
		78235E5B2A9E63AF0037BED9 /* CityTableViewCell.swift */ = {isa = PBXFileReference; lastKnownFileType = sourcecode.swift; path = CityTableViewCell.swift; sourceTree = "<group>"; };
		78235E5D2A9E693B0037BED9 /* CityDomainConverter.swift */ = {isa = PBXFileReference; lastKnownFileType = sourcecode.swift; path = CityDomainConverter.swift; sourceTree = "<group>"; };
		78235E6E2A9F49F60037BED9 /* BusinessLogic */ = {isa = PBXFileReference; lastKnownFileType = wrapper; name = BusinessLogic; path = KlarnaWeatherTest/BusinessLogic; sourceTree = "<group>"; };
		78235E7A2A9F7DD80037BED9 /* UIComponentsLibrary */ = {isa = PBXFileReference; lastKnownFileType = wrapper; name = UIComponentsLibrary; path = KlarnaWeatherTest/UIComponentsLibrary; sourceTree = "<group>"; };
		78235E7D2A9FAAD20037BED9 /* TemperatureUnit.swift */ = {isa = PBXFileReference; lastKnownFileType = sourcecode.swift; path = TemperatureUnit.swift; sourceTree = "<group>"; };
		78235E7F2A9FAB070037BED9 /* TemperatureUnitConverter.swift */ = {isa = PBXFileReference; lastKnownFileType = sourcecode.swift; path = TemperatureUnitConverter.swift; sourceTree = "<group>"; };
		78235E812A9FCE220037BED9 /* ErrorConverter.swift */ = {isa = PBXFileReference; lastKnownFileType = sourcecode.swift; path = ErrorConverter.swift; sourceTree = "<group>"; };
		78EB84012A9B7FA400F2E5C9 /* KlarnaWeatherTest.app */ = {isa = PBXFileReference; explicitFileType = wrapper.application; includeInIndex = 0; path = KlarnaWeatherTest.app; sourceTree = BUILT_PRODUCTS_DIR; };
		78EB84042A9B7FA400F2E5C9 /* AppDelegate.swift */ = {isa = PBXFileReference; lastKnownFileType = sourcecode.swift; path = AppDelegate.swift; sourceTree = "<group>"; };
		78EB84062A9B7FA400F2E5C9 /* SceneDelegate.swift */ = {isa = PBXFileReference; lastKnownFileType = sourcecode.swift; path = SceneDelegate.swift; sourceTree = "<group>"; };
		78EB840D2A9B7FA500F2E5C9 /* Assets.xcassets */ = {isa = PBXFileReference; lastKnownFileType = folder.assetcatalog; path = Assets.xcassets; sourceTree = "<group>"; };
		78EB84102A9B7FA500F2E5C9 /* Base */ = {isa = PBXFileReference; lastKnownFileType = file.storyboard; name = Base; path = Base.lproj/LaunchScreen.storyboard; sourceTree = "<group>"; };
		78EB84122A9B7FA500F2E5C9 /* Info.plist */ = {isa = PBXFileReference; lastKnownFileType = text.plist.xml; path = Info.plist; sourceTree = "<group>"; };
		78EB84172A9B7FA500F2E5C9 /* KlarnaWeatherTestTests.xctest */ = {isa = PBXFileReference; explicitFileType = wrapper.cfbundle; includeInIndex = 0; path = KlarnaWeatherTestTests.xctest; sourceTree = BUILT_PRODUCTS_DIR; };
		78EB841B2A9B7FA500F2E5C9 /* KlarnaWeatherTestTests.swift */ = {isa = PBXFileReference; lastKnownFileType = sourcecode.swift; path = KlarnaWeatherTestTests.swift; sourceTree = "<group>"; };
		78EB84212A9B7FA500F2E5C9 /* KlarnaWeatherTestUITests.xctest */ = {isa = PBXFileReference; explicitFileType = wrapper.cfbundle; includeInIndex = 0; path = KlarnaWeatherTestUITests.xctest; sourceTree = BUILT_PRODUCTS_DIR; };
		78EB84252A9B7FA500F2E5C9 /* KlarnaWeatherTestUITests.swift */ = {isa = PBXFileReference; lastKnownFileType = sourcecode.swift; path = KlarnaWeatherTestUITests.swift; sourceTree = "<group>"; };
		78EB84272A9B7FA500F2E5C9 /* KlarnaWeatherTestUITestsLaunchTests.swift */ = {isa = PBXFileReference; lastKnownFileType = sourcecode.swift; path = KlarnaWeatherTestUITestsLaunchTests.swift; sourceTree = "<group>"; };
		78EB84542A9BACB200F2E5C9 /* WeatherViewController.swift */ = {isa = PBXFileReference; lastKnownFileType = sourcecode.swift; path = WeatherViewController.swift; sourceTree = "<group>"; };
		78EB84562A9BACC000F2E5C9 /* WeatherSearchViewController.swift */ = {isa = PBXFileReference; lastKnownFileType = sourcecode.swift; path = WeatherSearchViewController.swift; sourceTree = "<group>"; };
		78EB84582A9BADCB00F2E5C9 /* WeatherPresenter.swift */ = {isa = PBXFileReference; lastKnownFileType = sourcecode.swift; path = WeatherPresenter.swift; sourceTree = "<group>"; };
		78EB845A2A9BADDC00F2E5C9 /* Weather.swift */ = {isa = PBXFileReference; lastKnownFileType = sourcecode.swift; path = Weather.swift; sourceTree = "<group>"; };
		78EB845C2A9BB11B00F2E5C9 /* WeatherSearchPresenter.swift */ = {isa = PBXFileReference; lastKnownFileType = sourcecode.swift; path = WeatherSearchPresenter.swift; sourceTree = "<group>"; };
		78EB84602A9BD2FF00F2E5C9 /* WeatherDomainConverter.swift */ = {isa = PBXFileReference; lastKnownFileType = sourcecode.swift; path = WeatherDomainConverter.swift; sourceTree = "<group>"; };
/* End PBXFileReference section */

/* Begin PBXFrameworksBuildPhase section */
		78EB83FE2A9B7FA400F2E5C9 /* Frameworks */ = {
			isa = PBXFrameworksBuildPhase;
			buildActionMask = 2147483647;
			files = (
				78235E7C2A9F7DFE0037BED9 /* UIComponentsLibrary in Frameworks */,
				78235E702A9F4A2F0037BED9 /* BusinessLogic in Frameworks */,
			);
			runOnlyForDeploymentPostprocessing = 0;
		};
		78EB84142A9B7FA500F2E5C9 /* Frameworks */ = {
			isa = PBXFrameworksBuildPhase;
			buildActionMask = 2147483647;
			files = (
			);
			runOnlyForDeploymentPostprocessing = 0;
		};
		78EB841E2A9B7FA500F2E5C9 /* Frameworks */ = {
			isa = PBXFrameworksBuildPhase;
			buildActionMask = 2147483647;
			files = (
			);
			runOnlyForDeploymentPostprocessing = 0;
		};
/* End PBXFrameworksBuildPhase section */

/* Begin PBXGroup section */
		78235E602A9EB2100037BED9 /* Frameworks */ = {
			isa = PBXGroup;
			children = (
			);
			name = Frameworks;
			sourceTree = "<group>";
		};
		78235E6D2A9F49F60037BED9 /* Packages */ = {
			isa = PBXGroup;
			children = (
				78235E7A2A9F7DD80037BED9 /* UIComponentsLibrary */,
				78235E6E2A9F49F60037BED9 /* BusinessLogic */,
			);
			name = Packages;
			sourceTree = "<group>";
		};
		78235E772A9F7B2E0037BED9 /* Model */ = {
			isa = PBXGroup;
			children = (
				78235E592A9E62DB0037BED9 /* City.swift */,
				78235E5D2A9E693B0037BED9 /* CityDomainConverter.swift */,
			);
			path = Model;
			sourceTree = "<group>";
		};
		78235E782A9F7B3C0037BED9 /* Model */ = {
			isa = PBXGroup;
			children = (
				78EB845A2A9BADDC00F2E5C9 /* Weather.swift */,
				78EB84602A9BD2FF00F2E5C9 /* WeatherDomainConverter.swift */,
				78235E7D2A9FAAD20037BED9 /* TemperatureUnit.swift */,
				78235E7F2A9FAB070037BED9 /* TemperatureUnitConverter.swift */,
				78235E812A9FCE220037BED9 /* ErrorConverter.swift */,
			);
			path = Model;
			sourceTree = "<group>";
		};
		78EB83F82A9B7FA400F2E5C9 = {
			isa = PBXGroup;
			children = (
				78235E6D2A9F49F60037BED9 /* Packages */,
				78EB84032A9B7FA400F2E5C9 /* KlarnaWeatherTest */,
				78EB841A2A9B7FA500F2E5C9 /* KlarnaWeatherTestTests */,
				78EB84242A9B7FA500F2E5C9 /* KlarnaWeatherTestUITests */,
				78EB84022A9B7FA400F2E5C9 /* Products */,
				78235E602A9EB2100037BED9 /* Frameworks */,
			);
			sourceTree = "<group>";
		};
		78EB84022A9B7FA400F2E5C9 /* Products */ = {
			isa = PBXGroup;
			children = (
				78EB84012A9B7FA400F2E5C9 /* KlarnaWeatherTest.app */,
				78EB84172A9B7FA500F2E5C9 /* KlarnaWeatherTestTests.xctest */,
				78EB84212A9B7FA500F2E5C9 /* KlarnaWeatherTestUITests.xctest */,
			);
			name = Products;
			sourceTree = "<group>";
		};
		78EB84032A9B7FA400F2E5C9 /* KlarnaWeatherTest */ = {
			isa = PBXGroup;
			children = (
				78EB84532A9BAC9400F2E5C9 /* WeatherSearchPresentation */,
				78EB84522A9BAC7300F2E5C9 /* WeatherPresentation */,
				78EB84042A9B7FA400F2E5C9 /* AppDelegate.swift */,
				78EB84062A9B7FA400F2E5C9 /* SceneDelegate.swift */,
				78EB840D2A9B7FA500F2E5C9 /* Assets.xcassets */,
				78EB840F2A9B7FA500F2E5C9 /* LaunchScreen.storyboard */,
				78EB84122A9B7FA500F2E5C9 /* Info.plist */,
			);
			path = KlarnaWeatherTest;
			sourceTree = "<group>";
		};
		78EB841A2A9B7FA500F2E5C9 /* KlarnaWeatherTestTests */ = {
			isa = PBXGroup;
			children = (
				78EB841B2A9B7FA500F2E5C9 /* KlarnaWeatherTestTests.swift */,
			);
			path = KlarnaWeatherTestTests;
			sourceTree = "<group>";
		};
		78EB84242A9B7FA500F2E5C9 /* KlarnaWeatherTestUITests */ = {
			isa = PBXGroup;
			children = (
				78EB84252A9B7FA500F2E5C9 /* KlarnaWeatherTestUITests.swift */,
				78EB84272A9B7FA500F2E5C9 /* KlarnaWeatherTestUITestsLaunchTests.swift */,
			);
			path = KlarnaWeatherTestUITests;
			sourceTree = "<group>";
		};
		78EB84522A9BAC7300F2E5C9 /* WeatherPresentation */ = {
			isa = PBXGroup;
			children = (
				78235E782A9F7B3C0037BED9 /* Model */,
				78EB84542A9BACB200F2E5C9 /* WeatherViewController.swift */,
				78EB84582A9BADCB00F2E5C9 /* WeatherPresenter.swift */,
			);
			path = WeatherPresentation;
			sourceTree = "<group>";
		};
		78EB84532A9BAC9400F2E5C9 /* WeatherSearchPresentation */ = {
			isa = PBXGroup;
			children = (
				78235E772A9F7B2E0037BED9 /* Model */,
				78EB84562A9BACC000F2E5C9 /* WeatherSearchViewController.swift */,
				78EB845C2A9BB11B00F2E5C9 /* WeatherSearchPresenter.swift */,
				78235E5B2A9E63AF0037BED9 /* CityTableViewCell.swift */,
			);
			path = WeatherSearchPresentation;
			sourceTree = "<group>";
		};
/* End PBXGroup section */

/* Begin PBXNativeTarget section */
		78EB84002A9B7FA400F2E5C9 /* KlarnaWeatherTest */ = {
			isa = PBXNativeTarget;
			buildConfigurationList = 78EB842B2A9B7FA500F2E5C9 /* Build configuration list for PBXNativeTarget "KlarnaWeatherTest" */;
			buildPhases = (
				78EB83FD2A9B7FA400F2E5C9 /* Sources */,
				78EB83FE2A9B7FA400F2E5C9 /* Frameworks */,
				78EB83FF2A9B7FA400F2E5C9 /* Resources */,
			);
			buildRules = (
			);
			dependencies = (
			);
			name = KlarnaWeatherTest;
			packageProductDependencies = (
				78235E6F2A9F4A2F0037BED9 /* BusinessLogic */,
				78235E7B2A9F7DFE0037BED9 /* UIComponentsLibrary */,
			);
			productName = KlarnaWeatherTest;
			productReference = 78EB84012A9B7FA400F2E5C9 /* KlarnaWeatherTest.app */;
			productType = "com.apple.product-type.application";
		};
		78EB84162A9B7FA500F2E5C9 /* KlarnaWeatherTestTests */ = {
			isa = PBXNativeTarget;
			buildConfigurationList = 78EB842E2A9B7FA500F2E5C9 /* Build configuration list for PBXNativeTarget "KlarnaWeatherTestTests" */;
			buildPhases = (
				78EB84132A9B7FA500F2E5C9 /* Sources */,
				78EB84142A9B7FA500F2E5C9 /* Frameworks */,
				78EB84152A9B7FA500F2E5C9 /* Resources */,
			);
			buildRules = (
			);
			dependencies = (
				78EB84192A9B7FA500F2E5C9 /* PBXTargetDependency */,
			);
			name = KlarnaWeatherTestTests;
			productName = KlarnaWeatherTestTests;
			productReference = 78EB84172A9B7FA500F2E5C9 /* KlarnaWeatherTestTests.xctest */;
			productType = "com.apple.product-type.bundle.unit-test";
		};
		78EB84202A9B7FA500F2E5C9 /* KlarnaWeatherTestUITests */ = {
			isa = PBXNativeTarget;
			buildConfigurationList = 78EB84312A9B7FA500F2E5C9 /* Build configuration list for PBXNativeTarget "KlarnaWeatherTestUITests" */;
			buildPhases = (
				78EB841D2A9B7FA500F2E5C9 /* Sources */,
				78EB841E2A9B7FA500F2E5C9 /* Frameworks */,
				78EB841F2A9B7FA500F2E5C9 /* Resources */,
			);
			buildRules = (
			);
			dependencies = (
				78EB84232A9B7FA500F2E5C9 /* PBXTargetDependency */,
			);
			name = KlarnaWeatherTestUITests;
			productName = KlarnaWeatherTestUITests;
			productReference = 78EB84212A9B7FA500F2E5C9 /* KlarnaWeatherTestUITests.xctest */;
			productType = "com.apple.product-type.bundle.ui-testing";
		};
/* End PBXNativeTarget section */

/* Begin PBXProject section */
		78EB83F92A9B7FA400F2E5C9 /* Project object */ = {
			isa = PBXProject;
			attributes = {
				BuildIndependentTargetsInParallel = 1;
				LastSwiftUpdateCheck = 1410;
				LastUpgradeCheck = 1410;
				TargetAttributes = {
					78EB84002A9B7FA400F2E5C9 = {
						CreatedOnToolsVersion = 14.1;
					};
					78EB84162A9B7FA500F2E5C9 = {
						CreatedOnToolsVersion = 14.1;
						TestTargetID = 78EB84002A9B7FA400F2E5C9;
					};
					78EB84202A9B7FA500F2E5C9 = {
						CreatedOnToolsVersion = 14.1;
						TestTargetID = 78EB84002A9B7FA400F2E5C9;
					};
				};
			};
			buildConfigurationList = 78EB83FC2A9B7FA400F2E5C9 /* Build configuration list for PBXProject "KlarnaWeatherTest" */;
			compatibilityVersion = "Xcode 14.0";
			developmentRegion = en;
			hasScannedForEncodings = 0;
			knownRegions = (
				en,
				Base,
			);
			mainGroup = 78EB83F82A9B7FA400F2E5C9;
			productRefGroup = 78EB84022A9B7FA400F2E5C9 /* Products */;
			projectDirPath = "";
			projectRoot = "";
			targets = (
				78EB84002A9B7FA400F2E5C9 /* KlarnaWeatherTest */,
				78EB84162A9B7FA500F2E5C9 /* KlarnaWeatherTestTests */,
				78EB84202A9B7FA500F2E5C9 /* KlarnaWeatherTestUITests */,
			);
		};
/* End PBXProject section */

/* Begin PBXResourcesBuildPhase section */
		78EB83FF2A9B7FA400F2E5C9 /* Resources */ = {
			isa = PBXResourcesBuildPhase;
			buildActionMask = 2147483647;
			files = (
				78EB84112A9B7FA500F2E5C9 /* LaunchScreen.storyboard in Resources */,
				78EB840E2A9B7FA500F2E5C9 /* Assets.xcassets in Resources */,
			);
			runOnlyForDeploymentPostprocessing = 0;
		};
		78EB84152A9B7FA500F2E5C9 /* Resources */ = {
			isa = PBXResourcesBuildPhase;
			buildActionMask = 2147483647;
			files = (
			);
			runOnlyForDeploymentPostprocessing = 0;
		};
		78EB841F2A9B7FA500F2E5C9 /* Resources */ = {
			isa = PBXResourcesBuildPhase;
			buildActionMask = 2147483647;
			files = (
			);
			runOnlyForDeploymentPostprocessing = 0;
		};
/* End PBXResourcesBuildPhase section */

/* Begin PBXSourcesBuildPhase section */
		78EB83FD2A9B7FA400F2E5C9 /* Sources */ = {
			isa = PBXSourcesBuildPhase;
			buildActionMask = 2147483647;
			files = (
				78235E5A2A9E62DB0037BED9 /* City.swift in Sources */,
				78EB84552A9BACB200F2E5C9 /* WeatherViewController.swift in Sources */,
				78EB84572A9BACC000F2E5C9 /* WeatherSearchViewController.swift in Sources */,
				78EB845B2A9BADDC00F2E5C9 /* Weather.swift in Sources */,
				78EB84612A9BD2FF00F2E5C9 /* WeatherDomainConverter.swift in Sources */,
				78235E822A9FCE220037BED9 /* ErrorConverter.swift in Sources */,
				78235E5E2A9E693B0037BED9 /* CityDomainConverter.swift in Sources */,
				78235E7E2A9FAAD20037BED9 /* TemperatureUnit.swift in Sources */,
				78EB845D2A9BB11B00F2E5C9 /* WeatherSearchPresenter.swift in Sources */,
				78EB84592A9BADCB00F2E5C9 /* WeatherPresenter.swift in Sources */,
				78235E5C2A9E63AF0037BED9 /* CityTableViewCell.swift in Sources */,
				78235E802A9FAB070037BED9 /* TemperatureUnitConverter.swift in Sources */,
				78EB84052A9B7FA400F2E5C9 /* AppDelegate.swift in Sources */,
				78EB84072A9B7FA400F2E5C9 /* SceneDelegate.swift in Sources */,
			);
			runOnlyForDeploymentPostprocessing = 0;
		};
		78EB84132A9B7FA500F2E5C9 /* Sources */ = {
			isa = PBXSourcesBuildPhase;
			buildActionMask = 2147483647;
			files = (
				78EB841C2A9B7FA500F2E5C9 /* KlarnaWeatherTestTests.swift in Sources */,
			);
			runOnlyForDeploymentPostprocessing = 0;
		};
		78EB841D2A9B7FA500F2E5C9 /* Sources */ = {
			isa = PBXSourcesBuildPhase;
			buildActionMask = 2147483647;
			files = (
				78EB84282A9B7FA500F2E5C9 /* KlarnaWeatherTestUITestsLaunchTests.swift in Sources */,
				78EB84262A9B7FA500F2E5C9 /* KlarnaWeatherTestUITests.swift in Sources */,
			);
			runOnlyForDeploymentPostprocessing = 0;
		};
/* End PBXSourcesBuildPhase section */

/* Begin PBXTargetDependency section */
		78EB84192A9B7FA500F2E5C9 /* PBXTargetDependency */ = {
			isa = PBXTargetDependency;
			target = 78EB84002A9B7FA400F2E5C9 /* KlarnaWeatherTest */;
			targetProxy = 78EB84182A9B7FA500F2E5C9 /* PBXContainerItemProxy */;
		};
		78EB84232A9B7FA500F2E5C9 /* PBXTargetDependency */ = {
			isa = PBXTargetDependency;
			target = 78EB84002A9B7FA400F2E5C9 /* KlarnaWeatherTest */;
			targetProxy = 78EB84222A9B7FA500F2E5C9 /* PBXContainerItemProxy */;
		};
/* End PBXTargetDependency section */

/* Begin PBXVariantGroup section */
		78EB840F2A9B7FA500F2E5C9 /* LaunchScreen.storyboard */ = {
			isa = PBXVariantGroup;
			children = (
				78EB84102A9B7FA500F2E5C9 /* Base */,
			);
			name = LaunchScreen.storyboard;
			sourceTree = "<group>";
		};
/* End PBXVariantGroup section */

/* Begin XCBuildConfiguration section */
		78EB84292A9B7FA500F2E5C9 /* Debug */ = {
			isa = XCBuildConfiguration;
			buildSettings = {
				ALWAYS_SEARCH_USER_PATHS = NO;
				CLANG_ANALYZER_NONNULL = YES;
				CLANG_ANALYZER_NUMBER_OBJECT_CONVERSION = YES_AGGRESSIVE;
				CLANG_CXX_LANGUAGE_STANDARD = "gnu++20";
				CLANG_ENABLE_MODULES = YES;
				CLANG_ENABLE_OBJC_ARC = YES;
				CLANG_ENABLE_OBJC_WEAK = YES;
				CLANG_WARN_BLOCK_CAPTURE_AUTORELEASING = YES;
				CLANG_WARN_BOOL_CONVERSION = YES;
				CLANG_WARN_COMMA = YES;
				CLANG_WARN_CONSTANT_CONVERSION = YES;
				CLANG_WARN_DEPRECATED_OBJC_IMPLEMENTATIONS = YES;
				CLANG_WARN_DIRECT_OBJC_ISA_USAGE = YES_ERROR;
				CLANG_WARN_DOCUMENTATION_COMMENTS = YES;
				CLANG_WARN_EMPTY_BODY = YES;
				CLANG_WARN_ENUM_CONVERSION = YES;
				CLANG_WARN_INFINITE_RECURSION = YES;
				CLANG_WARN_INT_CONVERSION = YES;
				CLANG_WARN_NON_LITERAL_NULL_CONVERSION = YES;
				CLANG_WARN_OBJC_IMPLICIT_RETAIN_SELF = YES;
				CLANG_WARN_OBJC_LITERAL_CONVERSION = YES;
				CLANG_WARN_OBJC_ROOT_CLASS = YES_ERROR;
				CLANG_WARN_QUOTED_INCLUDE_IN_FRAMEWORK_HEADER = YES;
				CLANG_WARN_RANGE_LOOP_ANALYSIS = YES;
				CLANG_WARN_STRICT_PROTOTYPES = YES;
				CLANG_WARN_SUSPICIOUS_MOVE = YES;
				CLANG_WARN_UNGUARDED_AVAILABILITY = YES_AGGRESSIVE;
				CLANG_WARN_UNREACHABLE_CODE = YES;
				CLANG_WARN__DUPLICATE_METHOD_MATCH = YES;
				COPY_PHASE_STRIP = NO;
				DEBUG_INFORMATION_FORMAT = dwarf;
				ENABLE_STRICT_OBJC_MSGSEND = YES;
				ENABLE_TESTABILITY = YES;
				GCC_C_LANGUAGE_STANDARD = gnu11;
				GCC_DYNAMIC_NO_PIC = NO;
				GCC_NO_COMMON_BLOCKS = YES;
				GCC_OPTIMIZATION_LEVEL = 0;
				GCC_PREPROCESSOR_DEFINITIONS = (
					"DEBUG=1",
					"$(inherited)",
				);
				GCC_WARN_64_TO_32_BIT_CONVERSION = YES;
				GCC_WARN_ABOUT_RETURN_TYPE = YES_ERROR;
				GCC_WARN_UNDECLARED_SELECTOR = YES;
				GCC_WARN_UNINITIALIZED_AUTOS = YES_AGGRESSIVE;
				GCC_WARN_UNUSED_FUNCTION = YES;
				GCC_WARN_UNUSED_VARIABLE = YES;
				IPHONEOS_DEPLOYMENT_TARGET = 16.1;
				MTL_ENABLE_DEBUG_INFO = INCLUDE_SOURCE;
				MTL_FAST_MATH = YES;
				ONLY_ACTIVE_ARCH = YES;
				SDKROOT = iphoneos;
				SWIFT_ACTIVE_COMPILATION_CONDITIONS = DEBUG;
				SWIFT_OPTIMIZATION_LEVEL = "-Onone";
			};
			name = Debug;
		};
		78EB842A2A9B7FA500F2E5C9 /* Release */ = {
			isa = XCBuildConfiguration;
			buildSettings = {
				ALWAYS_SEARCH_USER_PATHS = NO;
				CLANG_ANALYZER_NONNULL = YES;
				CLANG_ANALYZER_NUMBER_OBJECT_CONVERSION = YES_AGGRESSIVE;
				CLANG_CXX_LANGUAGE_STANDARD = "gnu++20";
				CLANG_ENABLE_MODULES = YES;
				CLANG_ENABLE_OBJC_ARC = YES;
				CLANG_ENABLE_OBJC_WEAK = YES;
				CLANG_WARN_BLOCK_CAPTURE_AUTORELEASING = YES;
				CLANG_WARN_BOOL_CONVERSION = YES;
				CLANG_WARN_COMMA = YES;
				CLANG_WARN_CONSTANT_CONVERSION = YES;
				CLANG_WARN_DEPRECATED_OBJC_IMPLEMENTATIONS = YES;
				CLANG_WARN_DIRECT_OBJC_ISA_USAGE = YES_ERROR;
				CLANG_WARN_DOCUMENTATION_COMMENTS = YES;
				CLANG_WARN_EMPTY_BODY = YES;
				CLANG_WARN_ENUM_CONVERSION = YES;
				CLANG_WARN_INFINITE_RECURSION = YES;
				CLANG_WARN_INT_CONVERSION = YES;
				CLANG_WARN_NON_LITERAL_NULL_CONVERSION = YES;
				CLANG_WARN_OBJC_IMPLICIT_RETAIN_SELF = YES;
				CLANG_WARN_OBJC_LITERAL_CONVERSION = YES;
				CLANG_WARN_OBJC_ROOT_CLASS = YES_ERROR;
				CLANG_WARN_QUOTED_INCLUDE_IN_FRAMEWORK_HEADER = YES;
				CLANG_WARN_RANGE_LOOP_ANALYSIS = YES;
				CLANG_WARN_STRICT_PROTOTYPES = YES;
				CLANG_WARN_SUSPICIOUS_MOVE = YES;
				CLANG_WARN_UNGUARDED_AVAILABILITY = YES_AGGRESSIVE;
				CLANG_WARN_UNREACHABLE_CODE = YES;
				CLANG_WARN__DUPLICATE_METHOD_MATCH = YES;
				COPY_PHASE_STRIP = NO;
				DEBUG_INFORMATION_FORMAT = "dwarf-with-dsym";
				ENABLE_NS_ASSERTIONS = NO;
				ENABLE_STRICT_OBJC_MSGSEND = YES;
				GCC_C_LANGUAGE_STANDARD = gnu11;
				GCC_NO_COMMON_BLOCKS = YES;
				GCC_WARN_64_TO_32_BIT_CONVERSION = YES;
				GCC_WARN_ABOUT_RETURN_TYPE = YES_ERROR;
				GCC_WARN_UNDECLARED_SELECTOR = YES;
				GCC_WARN_UNINITIALIZED_AUTOS = YES_AGGRESSIVE;
				GCC_WARN_UNUSED_FUNCTION = YES;
				GCC_WARN_UNUSED_VARIABLE = YES;
				IPHONEOS_DEPLOYMENT_TARGET = 16.1;
				MTL_ENABLE_DEBUG_INFO = NO;
				MTL_FAST_MATH = YES;
				SDKROOT = iphoneos;
				SWIFT_COMPILATION_MODE = wholemodule;
				SWIFT_OPTIMIZATION_LEVEL = "-O";
				VALIDATE_PRODUCT = YES;
			};
			name = Release;
		};
		78EB842C2A9B7FA500F2E5C9 /* Debug */ = {
			isa = XCBuildConfiguration;
			buildSettings = {
				ASSETCATALOG_COMPILER_APPICON_NAME = AppIcon;
				ASSETCATALOG_COMPILER_GLOBAL_ACCENT_COLOR_NAME = AccentColor;
				CODE_SIGN_STYLE = Automatic;
				CURRENT_PROJECT_VERSION = 1;
				DEVELOPMENT_TEAM = G3P284NUFU;
				GENERATE_INFOPLIST_FILE = YES;
				INFOPLIST_FILE = KlarnaWeatherTest/Info.plist;
				INFOPLIST_KEY_UIApplicationSupportsIndirectInputEvents = YES;
				INFOPLIST_KEY_UILaunchStoryboardName = LaunchScreen;
				INFOPLIST_KEY_UISupportedInterfaceOrientations_iPad = "UIInterfaceOrientationPortrait UIInterfaceOrientationPortraitUpsideDown UIInterfaceOrientationLandscapeLeft UIInterfaceOrientationLandscapeRight";
				INFOPLIST_KEY_UISupportedInterfaceOrientations_iPhone = "UIInterfaceOrientationPortrait UIInterfaceOrientationLandscapeLeft UIInterfaceOrientationLandscapeRight";
				LD_RUNPATH_SEARCH_PATHS = (
					"$(inherited)",
					"@executable_path/Frameworks",
				);
				MARKETING_VERSION = 1.0;
				PRODUCT_BUNDLE_IDENTIFIER = com.smaker.KlarnaWeatherTest;
				PRODUCT_NAME = "$(TARGET_NAME)";
				SWIFT_EMIT_LOC_STRINGS = YES;
				SWIFT_VERSION = 5.0;
				TARGETED_DEVICE_FAMILY = "1,2";
			};
			name = Debug;
		};
		78EB842D2A9B7FA500F2E5C9 /* Release */ = {
			isa = XCBuildConfiguration;
			buildSettings = {
				ASSETCATALOG_COMPILER_APPICON_NAME = AppIcon;
				ASSETCATALOG_COMPILER_GLOBAL_ACCENT_COLOR_NAME = AccentColor;
				CODE_SIGN_STYLE = Automatic;
				CURRENT_PROJECT_VERSION = 1;
				DEVELOPMENT_TEAM = G3P284NUFU;
				GENERATE_INFOPLIST_FILE = YES;
				INFOPLIST_FILE = KlarnaWeatherTest/Info.plist;
				INFOPLIST_KEY_UIApplicationSupportsIndirectInputEvents = YES;
				INFOPLIST_KEY_UILaunchStoryboardName = LaunchScreen;
				INFOPLIST_KEY_UISupportedInterfaceOrientations_iPad = "UIInterfaceOrientationPortrait UIInterfaceOrientationPortraitUpsideDown UIInterfaceOrientationLandscapeLeft UIInterfaceOrientationLandscapeRight";
				INFOPLIST_KEY_UISupportedInterfaceOrientations_iPhone = "UIInterfaceOrientationPortrait UIInterfaceOrientationLandscapeLeft UIInterfaceOrientationLandscapeRight";
				LD_RUNPATH_SEARCH_PATHS = (
					"$(inherited)",
					"@executable_path/Frameworks",
				);
				MARKETING_VERSION = 1.0;
				PRODUCT_BUNDLE_IDENTIFIER = com.smaker.KlarnaWeatherTest;
				PRODUCT_NAME = "$(TARGET_NAME)";
				SWIFT_EMIT_LOC_STRINGS = YES;
				SWIFT_VERSION = 5.0;
				TARGETED_DEVICE_FAMILY = "1,2";
			};
			name = Release;
		};
		78EB842F2A9B7FA500F2E5C9 /* Debug */ = {
			isa = XCBuildConfiguration;
			buildSettings = {
				ALWAYS_EMBED_SWIFT_STANDARD_LIBRARIES = YES;
				BUNDLE_LOADER = "$(TEST_HOST)";
				CODE_SIGN_STYLE = Automatic;
				CURRENT_PROJECT_VERSION = 1;
				DEVELOPMENT_TEAM = G3P284NUFU;
				GENERATE_INFOPLIST_FILE = YES;
				IPHONEOS_DEPLOYMENT_TARGET = 16.1;
				MARKETING_VERSION = 1.0;
				PRODUCT_BUNDLE_IDENTIFIER = com.smaker.KlarnaWeatherTestTests;
				PRODUCT_NAME = "$(TARGET_NAME)";
				SWIFT_EMIT_LOC_STRINGS = NO;
				SWIFT_VERSION = 5.0;
				TARGETED_DEVICE_FAMILY = "1,2";
				TEST_HOST = "$(BUILT_PRODUCTS_DIR)/KlarnaWeatherTest.app/$(BUNDLE_EXECUTABLE_FOLDER_PATH)/KlarnaWeatherTest";
			};
			name = Debug;
		};
		78EB84302A9B7FA500F2E5C9 /* Release */ = {
			isa = XCBuildConfiguration;
			buildSettings = {
				ALWAYS_EMBED_SWIFT_STANDARD_LIBRARIES = YES;
				BUNDLE_LOADER = "$(TEST_HOST)";
				CODE_SIGN_STYLE = Automatic;
				CURRENT_PROJECT_VERSION = 1;
				DEVELOPMENT_TEAM = G3P284NUFU;
				GENERATE_INFOPLIST_FILE = YES;
				IPHONEOS_DEPLOYMENT_TARGET = 16.1;
				MARKETING_VERSION = 1.0;
				PRODUCT_BUNDLE_IDENTIFIER = com.smaker.KlarnaWeatherTestTests;
				PRODUCT_NAME = "$(TARGET_NAME)";
				SWIFT_EMIT_LOC_STRINGS = NO;
				SWIFT_VERSION = 5.0;
				TARGETED_DEVICE_FAMILY = "1,2";
				TEST_HOST = "$(BUILT_PRODUCTS_DIR)/KlarnaWeatherTest.app/$(BUNDLE_EXECUTABLE_FOLDER_PATH)/KlarnaWeatherTest";
			};
			name = Release;
		};
		78EB84322A9B7FA500F2E5C9 /* Debug */ = {
			isa = XCBuildConfiguration;
			buildSettings = {
				ALWAYS_EMBED_SWIFT_STANDARD_LIBRARIES = YES;
				CODE_SIGN_STYLE = Automatic;
				CURRENT_PROJECT_VERSION = 1;
				DEVELOPMENT_TEAM = G3P284NUFU;
				GENERATE_INFOPLIST_FILE = YES;
				MARKETING_VERSION = 1.0;
				PRODUCT_BUNDLE_IDENTIFIER = com.smaker.KlarnaWeatherTestUITests;
				PRODUCT_NAME = "$(TARGET_NAME)";
				SWIFT_EMIT_LOC_STRINGS = NO;
				SWIFT_VERSION = 5.0;
				TARGETED_DEVICE_FAMILY = "1,2";
				TEST_TARGET_NAME = KlarnaWeatherTest;
			};
			name = Debug;
		};
		78EB84332A9B7FA500F2E5C9 /* Release */ = {
			isa = XCBuildConfiguration;
			buildSettings = {
				ALWAYS_EMBED_SWIFT_STANDARD_LIBRARIES = YES;
				CODE_SIGN_STYLE = Automatic;
				CURRENT_PROJECT_VERSION = 1;
				DEVELOPMENT_TEAM = G3P284NUFU;
				GENERATE_INFOPLIST_FILE = YES;
				MARKETING_VERSION = 1.0;
				PRODUCT_BUNDLE_IDENTIFIER = com.smaker.KlarnaWeatherTestUITests;
				PRODUCT_NAME = "$(TARGET_NAME)";
				SWIFT_EMIT_LOC_STRINGS = NO;
				SWIFT_VERSION = 5.0;
				TARGETED_DEVICE_FAMILY = "1,2";
				TEST_TARGET_NAME = KlarnaWeatherTest;
			};
			name = Release;
		};
/* End XCBuildConfiguration section */

/* Begin XCConfigurationList section */
		78EB83FC2A9B7FA400F2E5C9 /* Build configuration list for PBXProject "KlarnaWeatherTest" */ = {
			isa = XCConfigurationList;
			buildConfigurations = (
				78EB84292A9B7FA500F2E5C9 /* Debug */,
				78EB842A2A9B7FA500F2E5C9 /* Release */,
			);
			defaultConfigurationIsVisible = 0;
			defaultConfigurationName = Release;
		};
		78EB842B2A9B7FA500F2E5C9 /* Build configuration list for PBXNativeTarget "KlarnaWeatherTest" */ = {
			isa = XCConfigurationList;
			buildConfigurations = (
				78EB842C2A9B7FA500F2E5C9 /* Debug */,
				78EB842D2A9B7FA500F2E5C9 /* Release */,
			);
			defaultConfigurationIsVisible = 0;
			defaultConfigurationName = Release;
		};
		78EB842E2A9B7FA500F2E5C9 /* Build configuration list for PBXNativeTarget "KlarnaWeatherTestTests" */ = {
			isa = XCConfigurationList;
			buildConfigurations = (
				78EB842F2A9B7FA500F2E5C9 /* Debug */,
				78EB84302A9B7FA500F2E5C9 /* Release */,
			);
			defaultConfigurationIsVisible = 0;
			defaultConfigurationName = Release;
		};
		78EB84312A9B7FA500F2E5C9 /* Build configuration list for PBXNativeTarget "KlarnaWeatherTestUITests" */ = {
			isa = XCConfigurationList;
			buildConfigurations = (
				78EB84322A9B7FA500F2E5C9 /* Debug */,
				78EB84332A9B7FA500F2E5C9 /* Release */,
			);
			defaultConfigurationIsVisible = 0;
			defaultConfigurationName = Release;
		};
/* End XCConfigurationList section */

/* Begin XCSwiftPackageProductDependency section */
		78235E6F2A9F4A2F0037BED9 /* BusinessLogic */ = {
			isa = XCSwiftPackageProductDependency;
			productName = BusinessLogic;
		};
		78235E7B2A9F7DFE0037BED9 /* UIComponentsLibrary */ = {
			isa = XCSwiftPackageProductDependency;
			productName = UIComponentsLibrary;
		};
/* End XCSwiftPackageProductDependency section */
	};
	rootObject = 78EB83F92A9B7FA400F2E5C9 /* Project object */;
}
